
Microsoft Visual Studio Solution File, Format Version 12.00
# Visual Studio Version 17
VisualStudioVersion = 17.13.35919.96 d17.13
MinimumVisualStudioVersion = 10.0.40219.1
Project("{FAE04EC0-301F-11D3-BF4B-00C04F79EFBC}") = "calculoDe_dimensioCuatroVectores", "calculoDe_dimensioCuatroVectores\calculoDe_dimensioCuatroVectores.csproj", "{ADB3F649-373A-4846-BF7A-64D432CE6A7F}"
EndProject
Global
	GlobalSection(SolutionConfigurationPlatforms) = preSolution
		Debug|Any CPU = Debug|Any CPU
		Release|Any CPU = Release|Any CPU
	EndGlobalSection
	GlobalSection(ProjectConfigurationPlatforms) = postSolution
		{ADB3F649-373A-4846-BF7A-64D432CE6A7F}.Debug|Any CPU.ActiveCfg = Debug|Any CPU
		{ADB3F649-373A-4846-BF7A-64D432CE6A7F}.Debug|Any CPU.Build.0 = Debug|Any CPU
		{ADB3F649-373A-4846-BF7A-64D432CE6A7F}.Release|Any CPU.ActiveCfg = Release|Any CPU
		{ADB3F649-373A-4846-BF7A-64D432CE6A7F}.Release|Any CPU.Build.0 = Release|Any CPU
	EndGlobalSection
	GlobalSection(SolutionProperties) = preSolution
		HideSolutionNode = FALSE
	EndGlobalSection
	GlobalSection(ExtensibilityGlobals) = postSolution
		SolutionGuid = {75999145-28FD-45F8-84DF-7868502BDFC9}
	EndGlobalSection
EndGlobal
